
Microsoft Visual Studio Solution File, Format Version 12.00
# Visual Studio Version 17
VisualStudioVersion = 17.2.32602.215
MinimumVisualStudioVersion = 10.0.40219.1
Project("{FAE04EC0-301F-11D3-BF4B-00C04F79EFBC}") = "filmsproj", "filmsproj\filmsproj.csproj", "{3E7ABF8B-01CB-4FB5-9DDF-70EB309467C2}"
EndProject
Global
	GlobalSection(SolutionConfigurationPlatforms) = preSolution
		Debug|Any CPU = Debug|Any CPU
		Release|Any CPU = Release|Any CPU
	EndGlobalSection
	GlobalSection(ProjectConfigurationPlatforms) = postSolution
		{3E7ABF8B-01CB-4FB5-9DDF-70EB309467C2}.Debug|Any CPU.ActiveCfg = Debug|Any CPU
		{3E7ABF8B-01CB-4FB5-9DDF-70EB309467C2}.Debug|Any CPU.Build.0 = Debug|Any CPU
		{3E7ABF8B-01CB-4FB5-9DDF-70EB309467C2}.Release|Any CPU.ActiveCfg = Release|Any CPU
		{3E7ABF8B-01CB-4FB5-9DDF-70EB309467C2}.Release|Any CPU.Build.0 = Release|Any CPU
	EndGlobalSection
	GlobalSection(SolutionProperties) = preSolution
		HideSolutionNode = FALSE
	EndGlobalSection
	GlobalSection(ExtensibilityGlobals) = postSolution
		SolutionGuid = {02BC292E-E3E5-41F1-8046-CE93FFDB731A}
	EndGlobalSection
EndGlobal
